// !$*UTF8*$!
{
	archiveVersion = 1;
	classes = {
	};
	objectVersion = 55;
	objects = {

/* Begin PBXBuildFile section */
		600F1C30F19CFD9E00CEF1AB /* Pods_StarChat_iOSApp.framework in Frameworks */ = {isa = PBXBuildFile; fileRef = 649C938F98121513EA9356F3 /* Pods_StarChat_iOSApp.framework */; };
		E854F73C27388FB40001EF26 /* AppDelegate.swift in Sources */ = {isa = PBXBuildFile; fileRef = E854F73B27388FB40001EF26 /* AppDelegate.swift */; };
		E854F73E27388FB40001EF26 /* SceneDelegate.swift in Sources */ = {isa = PBXBuildFile; fileRef = E854F73D27388FB40001EF26 /* SceneDelegate.swift */; };
		E854F74027388FB40001EF26 /* ViewController.swift in Sources */ = {isa = PBXBuildFile; fileRef = E854F73F27388FB40001EF26 /* ViewController.swift */; };
		E854F74327388FB40001EF26 /* Main.storyboard in Resources */ = {isa = PBXBuildFile; fileRef = E854F74127388FB40001EF26 /* Main.storyboard */; };
		E854F74527388FB50001EF26 /* Assets.xcassets in Resources */ = {isa = PBXBuildFile; fileRef = E854F74427388FB50001EF26 /* Assets.xcassets */; };
		E854F74827388FB50001EF26 /* LaunchScreen.storyboard in Resources */ = {isa = PBXBuildFile; fileRef = E854F74627388FB50001EF26 /* LaunchScreen.storyboard */; };
		E854F7502738979E0001EF26 /* RegisterViewController.swift in Sources */ = {isa = PBXBuildFile; fileRef = E854F74F2738979E0001EF26 /* RegisterViewController.swift */; };
		E854F752273897B60001EF26 /* LoginViewController.swift in Sources */ = {isa = PBXBuildFile; fileRef = E854F751273897B60001EF26 /* LoginViewController.swift */; };
		E854F754273897C90001EF26 /* ChatViewController.swift in Sources */ = {isa = PBXBuildFile; fileRef = E854F753273897C90001EF26 /* ChatViewController.swift */; };
		E8BD41FB2738A5B000385687 /* GoogleService-Info.plist in Resources */ = {isa = PBXBuildFile; fileRef = E8BD41FA2738A5B000385687 /* GoogleService-Info.plist */; };
		E8D9B2BD273CBB9B0034FAE6 /* Constants.swift in Sources */ = {isa = PBXBuildFile; fileRef = E8D9B2BC273CBB9B0034FAE6 /* Constants.swift */; };
		E8D9B2C0273CC1EA0034FAE6 /* Message.swift in Sources */ = {isa = PBXBuildFile; fileRef = E8D9B2BF273CC1EA0034FAE6 /* Message.swift */; };
		E8D9B2C4273CC7A70034FAE6 /* MessageCell.swift in Sources */ = {isa = PBXBuildFile; fileRef = E8D9B2C2273CC7A70034FAE6 /* MessageCell.swift */; };
		E8D9B2C5273CC7A70034FAE6 /* MessageCell.xib in Resources */ = {isa = PBXBuildFile; fileRef = E8D9B2C3273CC7A70034FAE6 /* MessageCell.xib */; };
/* End PBXBuildFile section */

/* Begin PBXFileReference section */
		44707D252A8BE55F4E341431 /* Pods-StarChat-iOSApp.release.xcconfig */ = {isa = PBXFileReference; includeInIndex = 1; lastKnownFileType = text.xcconfig; name = "Pods-StarChat-iOSApp.release.xcconfig"; path = "Target Support Files/Pods-StarChat-iOSApp/Pods-StarChat-iOSApp.release.xcconfig"; sourceTree = "<group>"; };
		649C938F98121513EA9356F3 /* Pods_StarChat_iOSApp.framework */ = {isa = PBXFileReference; explicitFileType = wrapper.framework; includeInIndex = 0; path = Pods_StarChat_iOSApp.framework; sourceTree = BUILT_PRODUCTS_DIR; };
		DAFB4C5AD07F0DC99334E9DC /* Pods-StarChat-iOSApp.debug.xcconfig */ = {isa = PBXFileReference; includeInIndex = 1; lastKnownFileType = text.xcconfig; name = "Pods-StarChat-iOSApp.debug.xcconfig"; path = "Target Support Files/Pods-StarChat-iOSApp/Pods-StarChat-iOSApp.debug.xcconfig"; sourceTree = "<group>"; };
		E854F73827388FB40001EF26 /* StarChat-iOSApp.app */ = {isa = PBXFileReference; explicitFileType = wrapper.application; includeInIndex = 0; path = "StarChat-iOSApp.app"; sourceTree = BUILT_PRODUCTS_DIR; };
		E854F73B27388FB40001EF26 /* AppDelegate.swift */ = {isa = PBXFileReference; lastKnownFileType = sourcecode.swift; path = AppDelegate.swift; sourceTree = "<group>"; };
		E854F73D27388FB40001EF26 /* SceneDelegate.swift */ = {isa = PBXFileReference; lastKnownFileType = sourcecode.swift; path = SceneDelegate.swift; sourceTree = "<group>"; };
		E854F73F27388FB40001EF26 /* ViewController.swift */ = {isa = PBXFileReference; lastKnownFileType = sourcecode.swift; path = ViewController.swift; sourceTree = "<group>"; };
		E854F74227388FB40001EF26 /* Base */ = {isa = PBXFileReference; lastKnownFileType = file.storyboard; name = Base; path = Base.lproj/Main.storyboard; sourceTree = "<group>"; };
		E854F74427388FB50001EF26 /* Assets.xcassets */ = {isa = PBXFileReference; lastKnownFileType = folder.assetcatalog; path = Assets.xcassets; sourceTree = "<group>"; };
		E854F74727388FB50001EF26 /* Base */ = {isa = PBXFileReference; lastKnownFileType = file.storyboard; name = Base; path = Base.lproj/LaunchScreen.storyboard; sourceTree = "<group>"; };
		E854F74927388FB50001EF26 /* Info.plist */ = {isa = PBXFileReference; lastKnownFileType = text.plist.xml; path = Info.plist; sourceTree = "<group>"; };
		E854F74F2738979E0001EF26 /* RegisterViewController.swift */ = {isa = PBXFileReference; lastKnownFileType = sourcecode.swift; path = RegisterViewController.swift; sourceTree = "<group>"; };
		E854F751273897B60001EF26 /* LoginViewController.swift */ = {isa = PBXFileReference; lastKnownFileType = sourcecode.swift; path = LoginViewController.swift; sourceTree = "<group>"; };
		E854F753273897C90001EF26 /* ChatViewController.swift */ = {isa = PBXFileReference; lastKnownFileType = sourcecode.swift; path = ChatViewController.swift; sourceTree = "<group>"; };
		E8BD41FA2738A5B000385687 /* GoogleService-Info.plist */ = {isa = PBXFileReference; fileEncoding = 4; lastKnownFileType = text.plist.xml; path = "GoogleService-Info.plist"; sourceTree = "<group>"; };
		E8D9B2BC273CBB9B0034FAE6 /* Constants.swift */ = {isa = PBXFileReference; lastKnownFileType = sourcecode.swift; path = Constants.swift; sourceTree = "<group>"; };
		E8D9B2BF273CC1EA0034FAE6 /* Message.swift */ = {isa = PBXFileReference; lastKnownFileType = sourcecode.swift; path = Message.swift; sourceTree = "<group>"; };
		E8D9B2C2273CC7A70034FAE6 /* MessageCell.swift */ = {isa = PBXFileReference; lastKnownFileType = sourcecode.swift; path = MessageCell.swift; sourceTree = "<group>"; };
		E8D9B2C3273CC7A70034FAE6 /* MessageCell.xib */ = {isa = PBXFileReference; lastKnownFileType = file.xib; path = MessageCell.xib; sourceTree = "<group>"; };
/* End PBXFileReference section */

/* Begin PBXFrameworksBuildPhase section */
		E854F73527388FB40001EF26 /* Frameworks */ = {
			isa = PBXFrameworksBuildPhase;
			buildActionMask = 2147483647;
			files = (
				600F1C30F19CFD9E00CEF1AB /* Pods_StarChat_iOSApp.framework in Frameworks */,
			);
			runOnlyForDeploymentPostprocessing = 0;
		};
/* End PBXFrameworksBuildPhase section */

/* Begin PBXGroup section */
		07B5F28AE4380E299A73AF06 /* Pods */ = {
			isa = PBXGroup;
			children = (
				DAFB4C5AD07F0DC99334E9DC /* Pods-StarChat-iOSApp.debug.xcconfig */,
				44707D252A8BE55F4E341431 /* Pods-StarChat-iOSApp.release.xcconfig */,
			);
			path = Pods;
			sourceTree = "<group>";
		};
		781B5AE03D9778BE2B3C10AF /* Frameworks */ = {
			isa = PBXGroup;
			children = (
				649C938F98121513EA9356F3 /* Pods_StarChat_iOSApp.framework */,
			);
			name = Frameworks;
			sourceTree = "<group>";
		};
		E854F72F27388FB40001EF26 = {
			isa = PBXGroup;
			children = (
				E854F73A27388FB40001EF26 /* StarChat-iOSApp */,
				E854F73927388FB40001EF26 /* Products */,
				07B5F28AE4380E299A73AF06 /* Pods */,
				781B5AE03D9778BE2B3C10AF /* Frameworks */,
			);
			sourceTree = "<group>";
		};
		E854F73927388FB40001EF26 /* Products */ = {
			isa = PBXGroup;
			children = (
				E854F73827388FB40001EF26 /* StarChat-iOSApp.app */,
			);
			name = Products;
			sourceTree = "<group>";
		};
		E854F73A27388FB40001EF26 /* StarChat-iOSApp */ = {
			isa = PBXGroup;
			children = (
				E854F73B27388FB40001EF26 /* AppDelegate.swift */,
				E854F73D27388FB40001EF26 /* SceneDelegate.swift */,
				E8D9B2BC273CBB9B0034FAE6 /* Constants.swift */,
				E8D9B2BE273CC1C80034FAE6 /* Models */,
				E8D9B2C1273CC7450034FAE6 /* Views */,
				E854F755273897ED0001EF26 /* Controllers */,
				E854F74927388FB50001EF26 /* Info.plist */,
				E8BD41FA2738A5B000385687 /* GoogleService-Info.plist */,
				E854F74427388FB50001EF26 /* Assets.xcassets */,
				E854F74627388FB50001EF26 /* LaunchScreen.storyboard */,
			);
			path = "StarChat-iOSApp";
			sourceTree = "<group>";
		};
		E854F755273897ED0001EF26 /* Controllers */ = {
			isa = PBXGroup;
			children = (
				E854F73F27388FB40001EF26 /* ViewController.swift */,
				E854F753273897C90001EF26 /* ChatViewController.swift */,
				E854F751273897B60001EF26 /* LoginViewController.swift */,
				E854F74F2738979E0001EF26 /* RegisterViewController.swift */,
			);
			path = Controllers;
			sourceTree = "<group>";
		};
		E8D9B2BE273CC1C80034FAE6 /* Models */ = {
			isa = PBXGroup;
			children = (
				E8D9B2BF273CC1EA0034FAE6 /* Message.swift */,
			);
			path = Models;
			sourceTree = "<group>";
		};
		E8D9B2C1273CC7450034FAE6 /* Views */ = {
			isa = PBXGroup;
			children = (
				E854F74127388FB40001EF26 /* Main.storyboard */,
				E8D9B2C2273CC7A70034FAE6 /* MessageCell.swift */,
				E8D9B2C3273CC7A70034FAE6 /* MessageCell.xib */,
			);
			path = Views;
			sourceTree = "<group>";
		};
/* End PBXGroup section */

/* Begin PBXNativeTarget section */
		E854F73727388FB40001EF26 /* StarChat-iOSApp */ = {
			isa = PBXNativeTarget;
			buildConfigurationList = E854F74C27388FB50001EF26 /* Build configuration list for PBXNativeTarget "StarChat-iOSApp" */;
			buildPhases = (
				D545687F3C9B71D208BA65B5 /* [CP] Check Pods Manifest.lock */,
				E854F73427388FB40001EF26 /* Sources */,
				E854F73527388FB40001EF26 /* Frameworks */,
				E854F73627388FB40001EF26 /* Resources */,
				4F40B4DD7E6CE7F984D81D42 /* [CP] Embed Pods Frameworks */,
			);
			buildRules = (
			);
			dependencies = (
			);
			name = "StarChat-iOSApp";
			productName = "StarChat-iOSApp";
			productReference = E854F73827388FB40001EF26 /* StarChat-iOSApp.app */;
			productType = "com.apple.product-type.application";
		};
/* End PBXNativeTarget section */

/* Begin PBXProject section */
		E854F73027388FB40001EF26 /* Project object */ = {
			isa = PBXProject;
			attributes = {
				BuildIndependentTargetsInParallel = 1;
				LastSwiftUpdateCheck = 1310;
				LastUpgradeCheck = 1310;
				TargetAttributes = {
					E854F73727388FB40001EF26 = {
						CreatedOnToolsVersion = 13.1;
					};
				};
			};
			buildConfigurationList = E854F73327388FB40001EF26 /* Build configuration list for PBXProject "StarChat-iOSApp" */;
			compatibilityVersion = "Xcode 13.0";
			developmentRegion = en;
			hasScannedForEncodings = 0;
			knownRegions = (
				en,
				Base,
			);
			mainGroup = E854F72F27388FB40001EF26;
			productRefGroup = E854F73927388FB40001EF26 /* Products */;
			projectDirPath = "";
			projectRoot = "";
			targets = (
				E854F73727388FB40001EF26 /* StarChat-iOSApp */,
			);
		};
/* End PBXProject section */

/* Begin PBXResourcesBuildPhase section */
		E854F73627388FB40001EF26 /* Resources */ = {
			isa = PBXResourcesBuildPhase;
			buildActionMask = 2147483647;
			files = (
				E8D9B2C5273CC7A70034FAE6 /* MessageCell.xib in Resources */,
				E854F74827388FB50001EF26 /* LaunchScreen.storyboard in Resources */,
				E8BD41FB2738A5B000385687 /* GoogleService-Info.plist in Resources */,
				E854F74527388FB50001EF26 /* Assets.xcassets in Resources */,
				E854F74327388FB40001EF26 /* Main.storyboard in Resources */,
			);
			runOnlyForDeploymentPostprocessing = 0;
		};
/* End PBXResourcesBuildPhase section */

/* Begin PBXShellScriptBuildPhase section */
		4F40B4DD7E6CE7F984D81D42 /* [CP] Embed Pods Frameworks */ = {
			isa = PBXShellScriptBuildPhase;
			buildActionMask = 2147483647;
			files = (
			);
			inputFileListPaths = (
				"${PODS_ROOT}/Target Support Files/Pods-StarChat-iOSApp/Pods-StarChat-iOSApp-frameworks-${CONFIGURATION}-input-files.xcfilelist",
			);
			name = "[CP] Embed Pods Frameworks";
			outputFileListPaths = (
				"${PODS_ROOT}/Target Support Files/Pods-StarChat-iOSApp/Pods-StarChat-iOSApp-frameworks-${CONFIGURATION}-output-files.xcfilelist",
			);
			runOnlyForDeploymentPostprocessing = 0;
			shellPath = /bin/sh;
			shellScript = "\"${PODS_ROOT}/Target Support Files/Pods-StarChat-iOSApp/Pods-StarChat-iOSApp-frameworks.sh\"\n";
			showEnvVarsInLog = 0;
		};
		D545687F3C9B71D208BA65B5 /* [CP] Check Pods Manifest.lock */ = {
			isa = PBXShellScriptBuildPhase;
			buildActionMask = 2147483647;
			files = (
			);
			inputFileListPaths = (
			);
			inputPaths = (
				"${PODS_PODFILE_DIR_PATH}/Podfile.lock",
				"${PODS_ROOT}/Manifest.lock",
			);
			name = "[CP] Check Pods Manifest.lock";
			outputFileListPaths = (
			);
			outputPaths = (
				"$(DERIVED_FILE_DIR)/Pods-StarChat-iOSApp-checkManifestLockResult.txt",
			);
			runOnlyForDeploymentPostprocessing = 0;
			shellPath = /bin/sh;
			shellScript = "diff \"${PODS_PODFILE_DIR_PATH}/Podfile.lock\" \"${PODS_ROOT}/Manifest.lock\" > /dev/null\nif [ $? != 0 ] ; then\n    # print error to STDERR\n    echo \"error: The sandbox is not in sync with the Podfile.lock. Run 'pod install' or update your CocoaPods installation.\" >&2\n    exit 1\nfi\n# This output is used by Xcode 'outputs' to avoid re-running this script phase.\necho \"SUCCESS\" > \"${SCRIPT_OUTPUT_FILE_0}\"\n";
			showEnvVarsInLog = 0;
		};
/* End PBXShellScriptBuildPhase section */

/* Begin PBXSourcesBuildPhase section */
		E854F73427388FB40001EF26 /* Sources */ = {
			isa = PBXSourcesBuildPhase;
			buildActionMask = 2147483647;
			files = (
				E854F74027388FB40001EF26 /* ViewController.swift in Sources */,
				E854F73C27388FB40001EF26 /* AppDelegate.swift in Sources */,
				E854F73E27388FB40001EF26 /* SceneDelegate.swift in Sources */,
				E854F752273897B60001EF26 /* LoginViewController.swift in Sources */,
				E8D9B2BD273CBB9B0034FAE6 /* Constants.swift in Sources */,
				E8D9B2C0273CC1EA0034FAE6 /* Message.swift in Sources */,
				E854F754273897C90001EF26 /* ChatViewController.swift in Sources */,
				E854F7502738979E0001EF26 /* RegisterViewController.swift in Sources */,
				E8D9B2C4273CC7A70034FAE6 /* MessageCell.swift in Sources */,
			);
			runOnlyForDeploymentPostprocessing = 0;
		};
/* End PBXSourcesBuildPhase section */

/* Begin PBXVariantGroup section */
		E854F74127388FB40001EF26 /* Main.storyboard */ = {
			isa = PBXVariantGroup;
			children = (
				E854F74227388FB40001EF26 /* Base */,
			);
			name = Main.storyboard;
			sourceTree = "<group>";
		};
		E854F74627388FB50001EF26 /* LaunchScreen.storyboard */ = {
			isa = PBXVariantGroup;
			children = (
				E854F74727388FB50001EF26 /* Base */,
			);
			name = LaunchScreen.storyboard;
			sourceTree = "<group>";
		};
/* End PBXVariantGroup section */

/* Begin XCBuildConfiguration section */
		E854F74A27388FB50001EF26 /* Debug */ = {
			isa = XCBuildConfiguration;
			buildSettings = {
				ALWAYS_SEARCH_USER_PATHS = NO;
				CLANG_ANALYZER_NONNULL = YES;
				CLANG_ANALYZER_NUMBER_OBJECT_CONVERSION = YES_AGGRESSIVE;
				CLANG_CXX_LANGUAGE_STANDARD = "gnu++17";
				CLANG_CXX_LIBRARY = "libc++";
				CLANG_ENABLE_MODULES = YES;
				CLANG_ENABLE_OBJC_ARC = YES;
				CLANG_ENABLE_OBJC_WEAK = YES;
				CLANG_WARN_BLOCK_CAPTURE_AUTORELEASING = YES;
				CLANG_WARN_BOOL_CONVERSION = YES;
				CLANG_WARN_COMMA = YES;
				CLANG_WARN_CONSTANT_CONVERSION = YES;
				CLANG_WARN_DEPRECATED_OBJC_IMPLEMENTATIONS = YES;
				CLANG_WARN_DIRECT_OBJC_ISA_USAGE = YES_ERROR;
				CLANG_WARN_DOCUMENTATION_COMMENTS = YES;
				CLANG_WARN_EMPTY_BODY = YES;
				CLANG_WARN_ENUM_CONVERSION = YES;
				CLANG_WARN_INFINITE_RECURSION = YES;
				CLANG_WARN_INT_CONVERSION = YES;
				CLANG_WARN_NON_LITERAL_NULL_CONVERSION = YES;
				CLANG_WARN_OBJC_IMPLICIT_RETAIN_SELF = YES;
				CLANG_WARN_OBJC_LITERAL_CONVERSION = YES;
				CLANG_WARN_OBJC_ROOT_CLASS = YES_ERROR;
				CLANG_WARN_QUOTED_INCLUDE_IN_FRAMEWORK_HEADER = YES;
				CLANG_WARN_RANGE_LOOP_ANALYSIS = YES;
				CLANG_WARN_STRICT_PROTOTYPES = YES;
				CLANG_WARN_SUSPICIOUS_MOVE = YES;
				CLANG_WARN_UNGUARDED_AVAILABILITY = YES_AGGRESSIVE;
				CLANG_WARN_UNREACHABLE_CODE = YES;
				CLANG_WARN__DUPLICATE_METHOD_MATCH = YES;
				COPY_PHASE_STRIP = NO;
				DEBUG_INFORMATION_FORMAT = dwarf;
				ENABLE_STRICT_OBJC_MSGSEND = YES;
				ENABLE_TESTABILITY = YES;
				GCC_C_LANGUAGE_STANDARD = gnu11;
				GCC_DYNAMIC_NO_PIC = NO;
				GCC_NO_COMMON_BLOCKS = YES;
				GCC_OPTIMIZATION_LEVEL = 0;
				GCC_PREPROCESSOR_DEFINITIONS = (
					"DEBUG=1",
					"$(inherited)",
				);
				GCC_WARN_64_TO_32_BIT_CONVERSION = YES;
				GCC_WARN_ABOUT_RETURN_TYPE = YES_ERROR;
				GCC_WARN_UNDECLARED_SELECTOR = YES;
				GCC_WARN_UNINITIALIZED_AUTOS = YES_AGGRESSIVE;
				GCC_WARN_UNUSED_FUNCTION = YES;
				GCC_WARN_UNUSED_VARIABLE = YES;
				IPHONEOS_DEPLOYMENT_TARGET = 15.0;
				MTL_ENABLE_DEBUG_INFO = INCLUDE_SOURCE;
				MTL_FAST_MATH = YES;
				ONLY_ACTIVE_ARCH = YES;
				SDKROOT = iphoneos;
				SWIFT_ACTIVE_COMPILATION_CONDITIONS = DEBUG;
				SWIFT_OPTIMIZATION_LEVEL = "-Onone";
			};
			name = Debug;
		};
		E854F74B27388FB50001EF26 /* Release */ = {
			isa = XCBuildConfiguration;
			buildSettings = {
				ALWAYS_SEARCH_USER_PATHS = NO;
				CLANG_ANALYZER_NONNULL = YES;
				CLANG_ANALYZER_NUMBER_OBJECT_CONVERSION = YES_AGGRESSIVE;
				CLANG_CXX_LANGUAGE_STANDARD = "gnu++17";
				CLANG_CXX_LIBRARY = "libc++";
				CLANG_ENABLE_MODULES = YES;
				CLANG_ENABLE_OBJC_ARC = YES;
				CLANG_ENABLE_OBJC_WEAK = YES;
				CLANG_WARN_BLOCK_CAPTURE_AUTORELEASING = YES;
				CLANG_WARN_BOOL_CONVERSION = YES;
				CLANG_WARN_COMMA = YES;
				CLANG_WARN_CONSTANT_CONVERSION = YES;
				CLANG_WARN_DEPRECATED_OBJC_IMPLEMENTATIONS = YES;
				CLANG_WARN_DIRECT_OBJC_ISA_USAGE = YES_ERROR;
				CLANG_WARN_DOCUMENTATION_COMMENTS = YES;
				CLANG_WARN_EMPTY_BODY = YES;
				CLANG_WARN_ENUM_CONVERSION = YES;
				CLANG_WARN_INFINITE_RECURSION = YES;
				CLANG_WARN_INT_CONVERSION = YES;
				CLANG_WARN_NON_LITERAL_NULL_CONVERSION = YES;
				CLANG_WARN_OBJC_IMPLICIT_RETAIN_SELF = YES;
				CLANG_WARN_OBJC_LITERAL_CONVERSION = YES;
				CLANG_WARN_OBJC_ROOT_CLASS = YES_ERROR;
				CLANG_WARN_QUOTED_INCLUDE_IN_FRAMEWORK_HEADER = YES;
				CLANG_WARN_RANGE_LOOP_ANALYSIS = YES;
				CLANG_WARN_STRICT_PROTOTYPES = YES;
				CLANG_WARN_SUSPICIOUS_MOVE = YES;
				CLANG_WARN_UNGUARDED_AVAILABILITY = YES_AGGRESSIVE;
				CLANG_WARN_UNREACHABLE_CODE = YES;
				CLANG_WARN__DUPLICATE_METHOD_MATCH = YES;
				COPY_PHASE_STRIP = NO;
				DEBUG_INFORMATION_FORMAT = "dwarf-with-dsym";
				ENABLE_NS_ASSERTIONS = NO;
				ENABLE_STRICT_OBJC_MSGSEND = YES;
				GCC_C_LANGUAGE_STANDARD = gnu11;
				GCC_NO_COMMON_BLOCKS = YES;
				GCC_WARN_64_TO_32_BIT_CONVERSION = YES;
				GCC_WARN_ABOUT_RETURN_TYPE = YES_ERROR;
				GCC_WARN_UNDECLARED_SELECTOR = YES;
				GCC_WARN_UNINITIALIZED_AUTOS = YES_AGGRESSIVE;
				GCC_WARN_UNUSED_FUNCTION = YES;
				GCC_WARN_UNUSED_VARIABLE = YES;
				IPHONEOS_DEPLOYMENT_TARGET = 15.0;
				MTL_ENABLE_DEBUG_INFO = NO;
				MTL_FAST_MATH = YES;
				SDKROOT = iphoneos;
				SWIFT_COMPILATION_MODE = wholemodule;
				SWIFT_OPTIMIZATION_LEVEL = "-O";
				VALIDATE_PRODUCT = YES;
			};
			name = Release;
		};
		E854F74D27388FB50001EF26 /* Debug */ = {
			isa = XCBuildConfiguration;
			baseConfigurationReference = DAFB4C5AD07F0DC99334E9DC /* Pods-StarChat-iOSApp.debug.xcconfig */;
			buildSettings = {
				ASSETCATALOG_COMPILER_APPICON_NAME = AppIcon;
				ASSETCATALOG_COMPILER_GLOBAL_ACCENT_COLOR_NAME = AccentColor;
				CODE_SIGN_STYLE = Automatic;
				CURRENT_PROJECT_VERSION = 1;
				DEVELOPMENT_TEAM = K46QJ9STW7;
				GENERATE_INFOPLIST_FILE = YES;
				INFOPLIST_FILE = "StarChat-iOSApp/Info.plist";
				INFOPLIST_KEY_UIApplicationSupportsIndirectInputEvents = YES;
				INFOPLIST_KEY_UILaunchStoryboardName = LaunchScreen;
				INFOPLIST_KEY_UIMainStoryboardFile = Main;
				INFOPLIST_KEY_UISupportedInterfaceOrientations_iPad = "UIInterfaceOrientationPortrait UIInterfaceOrientationPortraitUpsideDown UIInterfaceOrientationLandscapeLeft UIInterfaceOrientationLandscapeRight";
				INFOPLIST_KEY_UISupportedInterfaceOrientations_iPhone = "UIInterfaceOrientationPortrait UIInterfaceOrientationLandscapeLeft UIInterfaceOrientationLandscapeRight";
				IPHONEOS_DEPLOYMENT_TARGET = 15.0;
				LD_RUNPATH_SEARCH_PATHS = (
					"$(inherited)",
					"@executable_path/Frameworks",
				);
				MARKETING_VERSION = 1.0;
				PRODUCT_BUNDLE_IDENTIFIER = "com.FatemeFeraghi.StarChat-iOSApp";
				PRODUCT_NAME = "$(TARGET_NAME)";
				SWIFT_EMIT_LOC_STRINGS = YES;
				SWIFT_VERSION = 5.0;
				TARGETED_DEVICE_FAMILY = "1,2";
			};
			name = Debug;
		};
		E854F74E27388FB50001EF26 /* Release */ = {
			isa = XCBuildConfiguration;
			baseConfigurationReference = 44707D252A8BE55F4E341431 /* Pods-StarChat-iOSApp.release.xcconfig */;
			buildSettings = {
				ASSETCATALOG_COMPILER_APPICON_NAME = AppIcon;
				ASSETCATALOG_COMPILER_GLOBAL_ACCENT_COLOR_NAME = AccentColor;
				CODE_SIGN_STYLE = Automatic;
				CURRENT_PROJECT_VERSION = 1;
				DEVELOPMENT_TEAM = K46QJ9STW7;
				GENERATE_INFOPLIST_FILE = YES;
				INFOPLIST_FILE = "StarChat-iOSApp/Info.plist";
				INFOPLIST_KEY_UIApplicationSupportsIndirectInputEvents = YES;
				INFOPLIST_KEY_UILaunchStoryboardName = LaunchScreen;
				INFOPLIST_KEY_UIMainStoryboardFile = Main;
				INFOPLIST_KEY_UISupportedInterfaceOrientations_iPad = "UIInterfaceOrientationPortrait UIInterfaceOrientationPortraitUpsideDown UIInterfaceOrientationLandscapeLeft UIInterfaceOrientationLandscapeRight";
				INFOPLIST_KEY_UISupportedInterfaceOrientations_iPhone = "UIInterfaceOrientationPortrait UIInterfaceOrientationLandscapeLeft UIInterfaceOrientationLandscapeRight";
				IPHONEOS_DEPLOYMENT_TARGET = 15.0;
				LD_RUNPATH_SEARCH_PATHS = (
					"$(inherited)",
					"@executable_path/Frameworks",
				);
				MARKETING_VERSION = 1.0;
				PRODUCT_BUNDLE_IDENTIFIER = "com.FatemeFeraghi.StarChat-iOSApp";
				PRODUCT_NAME = "$(TARGET_NAME)";
				SWIFT_EMIT_LOC_STRINGS = YES;
				SWIFT_VERSION = 5.0;
				TARGETED_DEVICE_FAMILY = "1,2";
			};
			name = Release;
		};
/* End XCBuildConfiguration section */

/* Begin XCConfigurationList section */
		E854F73327388FB40001EF26 /* Build configuration list for PBXProject "StarChat-iOSApp" */ = {
			isa = XCConfigurationList;
			buildConfigurations = (
				E854F74A27388FB50001EF26 /* Debug */,
				E854F74B27388FB50001EF26 /* Release */,
			);
			defaultConfigurationIsVisible = 0;
			defaultConfigurationName = Release;
		};
		E854F74C27388FB50001EF26 /* Build configuration list for PBXNativeTarget "StarChat-iOSApp" */ = {
			isa = XCConfigurationList;
			buildConfigurations = (
				E854F74D27388FB50001EF26 /* Debug */,
				E854F74E27388FB50001EF26 /* Release */,
			);
			defaultConfigurationIsVisible = 0;
			defaultConfigurationName = Release;
		};
/* End XCConfigurationList section */
	};
	rootObject = E854F73027388FB40001EF26 /* Project object */;
}
